// !$*UTF8*$!
{
	archiveVersion = 1;
	classes = {
	};
	objectVersion = 55;
	objects = {

/* Begin PBXBuildFile section */
		7528F314275835DA00B32CD0 /* AOC2021App.swift in Sources */ = {isa = PBXBuildFile; fileRef = 7528F313275835DA00B32CD0 /* AOC2021App.swift */; };
		7528F316275835DA00B32CD0 /* ContentView.swift in Sources */ = {isa = PBXBuildFile; fileRef = 7528F315275835DA00B32CD0 /* ContentView.swift */; };
		7528F318275835DA00B32CD0 /* Assets.xcassets in Resources */ = {isa = PBXBuildFile; fileRef = 7528F317275835DA00B32CD0 /* Assets.xcassets */; };
		7528F31B275835DA00B32CD0 /* Preview Assets.xcassets in Resources */ = {isa = PBXBuildFile; fileRef = 7528F31A275835DA00B32CD0 /* Preview Assets.xcassets */; };
		7528F3232758363C00B32CD0 /* Day1.swift in Sources */ = {isa = PBXBuildFile; fileRef = 7528F3222758363C00B32CD0 /* Day1.swift */; };
		7528F3272759C32200B32CD0 /* Puzzle.swift in Sources */ = {isa = PBXBuildFile; fileRef = 7528F3262759C32200B32CD0 /* Puzzle.swift */; };
		7528F3292759C4A400B32CD0 /* Day2.swift in Sources */ = {isa = PBXBuildFile; fileRef = 7528F3282759C4A400B32CD0 /* Day2.swift */; };
		7528F32C275ACAC700B32CD0 /* Algorithms in Frameworks */ = {isa = PBXBuildFile; productRef = 7528F32B275ACAC700B32CD0 /* Algorithms */; };
		7528F32E275ACB2600B32CD0 /* AOCError.swift in Sources */ = {isa = PBXBuildFile; fileRef = 7528F32D275ACB2600B32CD0 /* AOCError.swift */; };
		7528F330275C3FA800B32CD0 /* Day3.swift in Sources */ = {isa = PBXBuildFile; fileRef = 7528F32F275C3FA800B32CD0 /* Day3.swift */; };
		7528F332275C4C8100B32CD0 /* Day4.swift in Sources */ = {isa = PBXBuildFile; fileRef = 7528F331275C4C8100B32CD0 /* Day4.swift */; };
		7528F334275C990400B32CD0 /* Day5.swift in Sources */ = {isa = PBXBuildFile; fileRef = 7528F333275C990400B32CD0 /* Day5.swift */; };
		7528F336275DD69000B32CD0 /* Day6.swift in Sources */ = {isa = PBXBuildFile; fileRef = 7528F335275DD69000B32CD0 /* Day6.swift */; };
		7528F33827608AF700B32CD0 /* Day7.swift in Sources */ = {isa = PBXBuildFile; fileRef = 7528F33727608AF700B32CD0 /* Day7.swift */; };
		7528F33A276141A000B32CD0 /* Day8.swift in Sources */ = {isa = PBXBuildFile; fileRef = 7528F339276141A000B32CD0 /* Day8.swift */; };
		7528F33C2761EDAD00B32CD0 /* Day9.swift in Sources */ = {isa = PBXBuildFile; fileRef = 7528F33B2761EDAD00B32CD0 /* Day9.swift */; };
		7528F33F27631E1200B32CD0 /* Day10.swift in Sources */ = {isa = PBXBuildFile; fileRef = 7528F33E27631E1200B32CD0 /* Day10.swift */; };
		7528F341276472E500B32CD0 /* Day11.swift in Sources */ = {isa = PBXBuildFile; fileRef = 7528F340276472E500B32CD0 /* Day11.swift */; };
		7528F344276473A700B32CD0 /* SetHelpers.swift in Sources */ = {isa = PBXBuildFile; fileRef = 7528F343276473A700B32CD0 /* SetHelpers.swift */; };
		7528F3462765BC6200B32CD0 /* Day12.swift in Sources */ = {isa = PBXBuildFile; fileRef = 7528F3452765BC6200B32CD0 /* Day12.swift */; };
		7528F34827671A5300B32CD0 /* Day13.swift in Sources */ = {isa = PBXBuildFile; fileRef = 7528F34727671A5300B32CD0 /* Day13.swift */; };
		7528F34A27685E3500B32CD0 /* Day14.swift in Sources */ = {isa = PBXBuildFile; fileRef = 7528F34927685E3500B32CD0 /* Day14.swift */; };
		754BB7922769B16200AD5D08 /* Day15.swift in Sources */ = {isa = PBXBuildFile; fileRef = 754BB7912769B16200AD5D08 /* Day15.swift */; };
		754BB7C6276AFFBA00AD5D08 /* Day16.swift in Sources */ = {isa = PBXBuildFile; fileRef = 754BB7C5276AFFBA00AD5D08 /* Day16.swift */; };
		754BB7C8276C580B00AD5D08 /* Day17.swift in Sources */ = {isa = PBXBuildFile; fileRef = 754BB7C7276C580B00AD5D08 /* Day17.swift */; };
		754BB7CA276DA90D00AD5D08 /* Day18.swift in Sources */ = {isa = PBXBuildFile; fileRef = 754BB7C9276DA90D00AD5D08 /* Day18.swift */; };
		754BB7CC276EF92400AD5D08 /* Day19.swift in Sources */ = {isa = PBXBuildFile; fileRef = 754BB7CB276EF92400AD5D08 /* Day19.swift */; };
		754BB7CE2770F1DC00AD5D08 /* Day20.swift in Sources */ = {isa = PBXBuildFile; fileRef = 754BB7CD2770F1DC00AD5D08 /* Day20.swift */; };
/* End PBXBuildFile section */

/* Begin PBXFileReference section */
		7528F310275835DA00B32CD0 /* AOC2021.app */ = {isa = PBXFileReference; explicitFileType = wrapper.application; includeInIndex = 0; path = AOC2021.app; sourceTree = BUILT_PRODUCTS_DIR; };
		7528F313275835DA00B32CD0 /* AOC2021App.swift */ = {isa = PBXFileReference; lastKnownFileType = sourcecode.swift; path = AOC2021App.swift; sourceTree = "<group>"; };
		7528F315275835DA00B32CD0 /* ContentView.swift */ = {isa = PBXFileReference; lastKnownFileType = sourcecode.swift; path = ContentView.swift; sourceTree = "<group>"; };
		7528F317275835DA00B32CD0 /* Assets.xcassets */ = {isa = PBXFileReference; lastKnownFileType = folder.assetcatalog; path = Assets.xcassets; sourceTree = "<group>"; };
		7528F31A275835DA00B32CD0 /* Preview Assets.xcassets */ = {isa = PBXFileReference; lastKnownFileType = folder.assetcatalog; path = "Preview Assets.xcassets"; sourceTree = "<group>"; };
		7528F31C275835DA00B32CD0 /* AOC2021.entitlements */ = {isa = PBXFileReference; lastKnownFileType = text.plist.entitlements; path = AOC2021.entitlements; sourceTree = "<group>"; };
		7528F3222758363C00B32CD0 /* Day1.swift */ = {isa = PBXFileReference; lastKnownFileType = sourcecode.swift; path = Day1.swift; sourceTree = "<group>"; };
		7528F3262759C32200B32CD0 /* Puzzle.swift */ = {isa = PBXFileReference; lastKnownFileType = sourcecode.swift; path = Puzzle.swift; sourceTree = "<group>"; };
		7528F3282759C4A400B32CD0 /* Day2.swift */ = {isa = PBXFileReference; lastKnownFileType = sourcecode.swift; path = Day2.swift; sourceTree = "<group>"; };
		7528F32D275ACB2600B32CD0 /* AOCError.swift */ = {isa = PBXFileReference; lastKnownFileType = sourcecode.swift; path = AOCError.swift; sourceTree = "<group>"; };
		7528F32F275C3FA800B32CD0 /* Day3.swift */ = {isa = PBXFileReference; lastKnownFileType = sourcecode.swift; path = Day3.swift; sourceTree = "<group>"; };
		7528F331275C4C8100B32CD0 /* Day4.swift */ = {isa = PBXFileReference; lastKnownFileType = sourcecode.swift; path = Day4.swift; sourceTree = "<group>"; };
		7528F333275C990400B32CD0 /* Day5.swift */ = {isa = PBXFileReference; lastKnownFileType = sourcecode.swift; path = Day5.swift; sourceTree = "<group>"; };
		7528F335275DD69000B32CD0 /* Day6.swift */ = {isa = PBXFileReference; lastKnownFileType = sourcecode.swift; path = Day6.swift; sourceTree = "<group>"; };
		7528F33727608AF700B32CD0 /* Day7.swift */ = {isa = PBXFileReference; lastKnownFileType = sourcecode.swift; path = Day7.swift; sourceTree = "<group>"; };
		7528F339276141A000B32CD0 /* Day8.swift */ = {isa = PBXFileReference; lastKnownFileType = sourcecode.swift; path = Day8.swift; sourceTree = "<group>"; };
		7528F33B2761EDAD00B32CD0 /* Day9.swift */ = {isa = PBXFileReference; lastKnownFileType = sourcecode.swift; path = Day9.swift; sourceTree = "<group>"; };
		7528F33E27631E1200B32CD0 /* Day10.swift */ = {isa = PBXFileReference; lastKnownFileType = sourcecode.swift; path = Day10.swift; sourceTree = "<group>"; };
		7528F340276472E500B32CD0 /* Day11.swift */ = {isa = PBXFileReference; lastKnownFileType = sourcecode.swift; path = Day11.swift; sourceTree = "<group>"; };
		7528F343276473A700B32CD0 /* SetHelpers.swift */ = {isa = PBXFileReference; lastKnownFileType = sourcecode.swift; path = SetHelpers.swift; sourceTree = "<group>"; };
		7528F3452765BC6200B32CD0 /* Day12.swift */ = {isa = PBXFileReference; lastKnownFileType = sourcecode.swift; path = Day12.swift; sourceTree = "<group>"; };
		7528F34727671A5300B32CD0 /* Day13.swift */ = {isa = PBXFileReference; lastKnownFileType = sourcecode.swift; path = Day13.swift; sourceTree = "<group>"; };
		7528F34927685E3500B32CD0 /* Day14.swift */ = {isa = PBXFileReference; lastKnownFileType = sourcecode.swift; path = Day14.swift; sourceTree = "<group>"; };
		754BB7912769B16200AD5D08 /* Day15.swift */ = {isa = PBXFileReference; lastKnownFileType = sourcecode.swift; path = Day15.swift; sourceTree = "<group>"; };
		754BB7C5276AFFBA00AD5D08 /* Day16.swift */ = {isa = PBXFileReference; lastKnownFileType = sourcecode.swift; path = Day16.swift; sourceTree = "<group>"; };
		754BB7C7276C580B00AD5D08 /* Day17.swift */ = {isa = PBXFileReference; lastKnownFileType = sourcecode.swift; path = Day17.swift; sourceTree = "<group>"; };
		754BB7C9276DA90D00AD5D08 /* Day18.swift */ = {isa = PBXFileReference; lastKnownFileType = sourcecode.swift; path = Day18.swift; sourceTree = "<group>"; };
		754BB7CB276EF92400AD5D08 /* Day19.swift */ = {isa = PBXFileReference; lastKnownFileType = sourcecode.swift; path = Day19.swift; sourceTree = "<group>"; };
		754BB7CD2770F1DC00AD5D08 /* Day20.swift */ = {isa = PBXFileReference; lastKnownFileType = sourcecode.swift; path = Day20.swift; sourceTree = "<group>"; };
/* End PBXFileReference section */

/* Begin PBXFrameworksBuildPhase section */
		7528F30D275835DA00B32CD0 /* Frameworks */ = {
			isa = PBXFrameworksBuildPhase;
			buildActionMask = 2147483647;
			files = (
				7528F32C275ACAC700B32CD0 /* Algorithms in Frameworks */,
			);
			runOnlyForDeploymentPostprocessing = 0;
		};
/* End PBXFrameworksBuildPhase section */

/* Begin PBXGroup section */
		7528F307275835DA00B32CD0 = {
			isa = PBXGroup;
			children = (
				7528F312275835DA00B32CD0 /* AOC2021 */,
				7528F311275835DA00B32CD0 /* Products */,
			);
			sourceTree = "<group>";
		};
		7528F311275835DA00B32CD0 /* Products */ = {
			isa = PBXGroup;
			children = (
				7528F310275835DA00B32CD0 /* AOC2021.app */,
			);
			name = Products;
			sourceTree = "<group>";
		};
		7528F312275835DA00B32CD0 /* AOC2021 */ = {
			isa = PBXGroup;
			children = (
				7528F313275835DA00B32CD0 /* AOC2021App.swift */,
				7528F315275835DA00B32CD0 /* ContentView.swift */,
				7528F317275835DA00B32CD0 /* Assets.xcassets */,
				7528F31C275835DA00B32CD0 /* AOC2021.entitlements */,
				7528F319275835DA00B32CD0 /* Preview Content */,
				7528F3262759C32200B32CD0 /* Puzzle.swift */,
				7528F3422764739600B32CD0 /* Helpers */,
				7528F33D27631E0500B32CD0 /* Days */,
			);
			path = AOC2021;
			sourceTree = "<group>";
		};
		7528F319275835DA00B32CD0 /* Preview Content */ = {
			isa = PBXGroup;
			children = (
				7528F31A275835DA00B32CD0 /* Preview Assets.xcassets */,
			);
			path = "Preview Content";
			sourceTree = "<group>";
		};
		7528F33D27631E0500B32CD0 /* Days */ = {
			isa = PBXGroup;
			children = (
				7528F3222758363C00B32CD0 /* Day1.swift */,
				7528F3282759C4A400B32CD0 /* Day2.swift */,
				7528F32F275C3FA800B32CD0 /* Day3.swift */,
				7528F331275C4C8100B32CD0 /* Day4.swift */,
				7528F333275C990400B32CD0 /* Day5.swift */,
				7528F335275DD69000B32CD0 /* Day6.swift */,
				7528F33727608AF700B32CD0 /* Day7.swift */,
				7528F339276141A000B32CD0 /* Day8.swift */,
				7528F33B2761EDAD00B32CD0 /* Day9.swift */,
				7528F33E27631E1200B32CD0 /* Day10.swift */,
				7528F340276472E500B32CD0 /* Day11.swift */,
				7528F3452765BC6200B32CD0 /* Day12.swift */,
				7528F34727671A5300B32CD0 /* Day13.swift */,
				7528F34927685E3500B32CD0 /* Day14.swift */,
				754BB7912769B16200AD5D08 /* Day15.swift */,
				754BB7C5276AFFBA00AD5D08 /* Day16.swift */,
				754BB7C7276C580B00AD5D08 /* Day17.swift */,
				754BB7C9276DA90D00AD5D08 /* Day18.swift */,
				754BB7CB276EF92400AD5D08 /* Day19.swift */,
				754BB7CD2770F1DC00AD5D08 /* Day20.swift */,
			);
			path = Days;
			sourceTree = "<group>";
		};
		7528F3422764739600B32CD0 /* Helpers */ = {
			isa = PBXGroup;
			children = (
				7528F32D275ACB2600B32CD0 /* AOCError.swift */,
				7528F343276473A700B32CD0 /* SetHelpers.swift */,
			);
			path = Helpers;
			sourceTree = "<group>";
		};
/* End PBXGroup section */

/* Begin PBXNativeTarget section */
		7528F30F275835DA00B32CD0 /* AOC2021 */ = {
			isa = PBXNativeTarget;
			buildConfigurationList = 7528F31F275835DA00B32CD0 /* Build configuration list for PBXNativeTarget "AOC2021" */;
			buildPhases = (
				7528F30C275835DA00B32CD0 /* Sources */,
				7528F30D275835DA00B32CD0 /* Frameworks */,
				7528F30E275835DA00B32CD0 /* Resources */,
			);
			buildRules = (
			);
			dependencies = (
			);
			name = AOC2021;
			packageProductDependencies = (
				7528F32B275ACAC700B32CD0 /* Algorithms */,
			);
			productName = AOC2021;
			productReference = 7528F310275835DA00B32CD0 /* AOC2021.app */;
			productType = "com.apple.product-type.application";
		};
/* End PBXNativeTarget section */

/* Begin PBXProject section */
		7528F308275835DA00B32CD0 /* Project object */ = {
			isa = PBXProject;
			attributes = {
				BuildIndependentTargetsInParallel = 1;
				LastSwiftUpdateCheck = 1320;
				LastUpgradeCheck = 1320;
				TargetAttributes = {
					7528F30F275835DA00B32CD0 = {
						CreatedOnToolsVersion = 13.2;
					};
				};
			};
			buildConfigurationList = 7528F30B275835DA00B32CD0 /* Build configuration list for PBXProject "AOC2021" */;
			compatibilityVersion = "Xcode 13.0";
			developmentRegion = en;
			hasScannedForEncodings = 0;
			knownRegions = (
				en,
				Base,
			);
			mainGroup = 7528F307275835DA00B32CD0;
			packageReferences = (
				7528F32A275ACAC700B32CD0 /* XCRemoteSwiftPackageReference "swift-algorithms" */,
			);
			productRefGroup = 7528F311275835DA00B32CD0 /* Products */;
			projectDirPath = "";
			projectRoot = "";
			targets = (
				7528F30F275835DA00B32CD0 /* AOC2021 */,
			);
		};
/* End PBXProject section */

/* Begin PBXResourcesBuildPhase section */
		7528F30E275835DA00B32CD0 /* Resources */ = {
			isa = PBXResourcesBuildPhase;
			buildActionMask = 2147483647;
			files = (
				7528F31B275835DA00B32CD0 /* Preview Assets.xcassets in Resources */,
				7528F318275835DA00B32CD0 /* Assets.xcassets in Resources */,
			);
			runOnlyForDeploymentPostprocessing = 0;
		};
/* End PBXResourcesBuildPhase section */

/* Begin PBXSourcesBuildPhase section */
		7528F30C275835DA00B32CD0 /* Sources */ = {
			isa = PBXSourcesBuildPhase;
			buildActionMask = 2147483647;
			files = (
				7528F33F27631E1200B32CD0 /* Day10.swift in Sources */,
				7528F330275C3FA800B32CD0 /* Day3.swift in Sources */,
				7528F34827671A5300B32CD0 /* Day13.swift in Sources */,
				7528F336275DD69000B32CD0 /* Day6.swift in Sources */,
				7528F316275835DA00B32CD0 /* ContentView.swift in Sources */,
				7528F3292759C4A400B32CD0 /* Day2.swift in Sources */,
				7528F33827608AF700B32CD0 /* Day7.swift in Sources */,
				7528F314275835DA00B32CD0 /* AOC2021App.swift in Sources */,
				7528F3462765BC6200B32CD0 /* Day12.swift in Sources */,
				7528F3272759C32200B32CD0 /* Puzzle.swift in Sources */,
				754BB7922769B16200AD5D08 /* Day15.swift in Sources */,
				7528F34A27685E3500B32CD0 /* Day14.swift in Sources */,
				7528F33A276141A000B32CD0 /* Day8.swift in Sources */,
				7528F32E275ACB2600B32CD0 /* AOCError.swift in Sources */,
				7528F344276473A700B32CD0 /* SetHelpers.swift in Sources */,
				754BB7CE2770F1DC00AD5D08 /* Day20.swift in Sources */,
				7528F33C2761EDAD00B32CD0 /* Day9.swift in Sources */,
				7528F341276472E500B32CD0 /* Day11.swift in Sources */,
				754BB7C6276AFFBA00AD5D08 /* Day16.swift in Sources */,
				7528F3232758363C00B32CD0 /* Day1.swift in Sources */,
				754BB7CA276DA90D00AD5D08 /* Day18.swift in Sources */,
				7528F334275C990400B32CD0 /* Day5.swift in Sources */,
				754BB7C8276C580B00AD5D08 /* Day17.swift in Sources */,
				754BB7CC276EF92400AD5D08 /* Day19.swift in Sources */,
				7528F332275C4C8100B32CD0 /* Day4.swift in Sources */,
			);
			runOnlyForDeploymentPostprocessing = 0;
		};
/* End PBXSourcesBuildPhase section */

/* Begin XCBuildConfiguration section */
		7528F31D275835DA00B32CD0 /* Debug */ = {
			isa = XCBuildConfiguration;
			buildSettings = {
				ALWAYS_SEARCH_USER_PATHS = NO;
				CLANG_ANALYZER_NONNULL = YES;
				CLANG_ANALYZER_NUMBER_OBJECT_CONVERSION = YES_AGGRESSIVE;
				CLANG_CXX_LANGUAGE_STANDARD = "gnu++17";
				CLANG_CXX_LIBRARY = "libc++";
				CLANG_ENABLE_MODULES = YES;
				CLANG_ENABLE_OBJC_ARC = YES;
				CLANG_ENABLE_OBJC_WEAK = YES;
				CLANG_WARN_BLOCK_CAPTURE_AUTORELEASING = YES;
				CLANG_WARN_BOOL_CONVERSION = YES;
				CLANG_WARN_COMMA = YES;
				CLANG_WARN_CONSTANT_CONVERSION = YES;
				CLANG_WARN_DEPRECATED_OBJC_IMPLEMENTATIONS = YES;
				CLANG_WARN_DIRECT_OBJC_ISA_USAGE = YES_ERROR;
				CLANG_WARN_DOCUMENTATION_COMMENTS = YES;
				CLANG_WARN_EMPTY_BODY = YES;
				CLANG_WARN_ENUM_CONVERSION = YES;
				CLANG_WARN_INFINITE_RECURSION = YES;
				CLANG_WARN_INT_CONVERSION = YES;
				CLANG_WARN_NON_LITERAL_NULL_CONVERSION = YES;
				CLANG_WARN_OBJC_IMPLICIT_RETAIN_SELF = YES;
				CLANG_WARN_OBJC_LITERAL_CONVERSION = YES;
				CLANG_WARN_OBJC_ROOT_CLASS = YES_ERROR;
				CLANG_WARN_QUOTED_INCLUDE_IN_FRAMEWORK_HEADER = YES;
				CLANG_WARN_RANGE_LOOP_ANALYSIS = YES;
				CLANG_WARN_STRICT_PROTOTYPES = YES;
				CLANG_WARN_SUSPICIOUS_MOVE = YES;
				CLANG_WARN_UNGUARDED_AVAILABILITY = YES_AGGRESSIVE;
				CLANG_WARN_UNREACHABLE_CODE = YES;
				CLANG_WARN__DUPLICATE_METHOD_MATCH = YES;
				COPY_PHASE_STRIP = NO;
				DEBUG_INFORMATION_FORMAT = dwarf;
				ENABLE_STRICT_OBJC_MSGSEND = YES;
				ENABLE_TESTABILITY = YES;
				GCC_C_LANGUAGE_STANDARD = gnu11;
				GCC_DYNAMIC_NO_PIC = NO;
				GCC_NO_COMMON_BLOCKS = YES;
				GCC_OPTIMIZATION_LEVEL = 0;
				GCC_PREPROCESSOR_DEFINITIONS = (
					"DEBUG=1",
					"$(inherited)",
				);
				GCC_WARN_64_TO_32_BIT_CONVERSION = YES;
				GCC_WARN_ABOUT_RETURN_TYPE = YES_ERROR;
				GCC_WARN_UNDECLARED_SELECTOR = YES;
				GCC_WARN_UNINITIALIZED_AUTOS = YES_AGGRESSIVE;
				GCC_WARN_UNUSED_FUNCTION = YES;
				GCC_WARN_UNUSED_VARIABLE = YES;
				MACOSX_DEPLOYMENT_TARGET = 12.0;
				MTL_ENABLE_DEBUG_INFO = INCLUDE_SOURCE;
				MTL_FAST_MATH = YES;
				ONLY_ACTIVE_ARCH = YES;
				SDKROOT = macosx;
				SWIFT_ACTIVE_COMPILATION_CONDITIONS = DEBUG;
				SWIFT_OPTIMIZATION_LEVEL = "-Onone";
			};
			name = Debug;
		};
		7528F31E275835DA00B32CD0 /* Release */ = {
			isa = XCBuildConfiguration;
			buildSettings = {
				ALWAYS_SEARCH_USER_PATHS = NO;
				CLANG_ANALYZER_NONNULL = YES;
				CLANG_ANALYZER_NUMBER_OBJECT_CONVERSION = YES_AGGRESSIVE;
				CLANG_CXX_LANGUAGE_STANDARD = "gnu++17";
				CLANG_CXX_LIBRARY = "libc++";
				CLANG_ENABLE_MODULES = YES;
				CLANG_ENABLE_OBJC_ARC = YES;
				CLANG_ENABLE_OBJC_WEAK = YES;
				CLANG_WARN_BLOCK_CAPTURE_AUTORELEASING = YES;
				CLANG_WARN_BOOL_CONVERSION = YES;
				CLANG_WARN_COMMA = YES;
				CLANG_WARN_CONSTANT_CONVERSION = YES;
				CLANG_WARN_DEPRECATED_OBJC_IMPLEMENTATIONS = YES;
				CLANG_WARN_DIRECT_OBJC_ISA_USAGE = YES_ERROR;
				CLANG_WARN_DOCUMENTATION_COMMENTS = YES;
				CLANG_WARN_EMPTY_BODY = YES;
				CLANG_WARN_ENUM_CONVERSION = YES;
				CLANG_WARN_INFINITE_RECURSION = YES;
				CLANG_WARN_INT_CONVERSION = YES;
				CLANG_WARN_NON_LITERAL_NULL_CONVERSION = YES;
				CLANG_WARN_OBJC_IMPLICIT_RETAIN_SELF = YES;
				CLANG_WARN_OBJC_LITERAL_CONVERSION = YES;
				CLANG_WARN_OBJC_ROOT_CLASS = YES_ERROR;
				CLANG_WARN_QUOTED_INCLUDE_IN_FRAMEWORK_HEADER = YES;
				CLANG_WARN_RANGE_LOOP_ANALYSIS = YES;
				CLANG_WARN_STRICT_PROTOTYPES = YES;
				CLANG_WARN_SUSPICIOUS_MOVE = YES;
				CLANG_WARN_UNGUARDED_AVAILABILITY = YES_AGGRESSIVE;
				CLANG_WARN_UNREACHABLE_CODE = YES;
				CLANG_WARN__DUPLICATE_METHOD_MATCH = YES;
				COPY_PHASE_STRIP = NO;
				DEBUG_INFORMATION_FORMAT = "dwarf-with-dsym";
				ENABLE_NS_ASSERTIONS = NO;
				ENABLE_STRICT_OBJC_MSGSEND = YES;
				GCC_C_LANGUAGE_STANDARD = gnu11;
				GCC_NO_COMMON_BLOCKS = YES;
				GCC_WARN_64_TO_32_BIT_CONVERSION = YES;
				GCC_WARN_ABOUT_RETURN_TYPE = YES_ERROR;
				GCC_WARN_UNDECLARED_SELECTOR = YES;
				GCC_WARN_UNINITIALIZED_AUTOS = YES_AGGRESSIVE;
				GCC_WARN_UNUSED_FUNCTION = YES;
				GCC_WARN_UNUSED_VARIABLE = YES;
				MACOSX_DEPLOYMENT_TARGET = 12.0;
				MTL_ENABLE_DEBUG_INFO = NO;
				MTL_FAST_MATH = YES;
				SDKROOT = macosx;
				SWIFT_COMPILATION_MODE = wholemodule;
				SWIFT_OPTIMIZATION_LEVEL = "-O";
			};
			name = Release;
		};
		7528F320275835DA00B32CD0 /* Debug */ = {
			isa = XCBuildConfiguration;
			buildSettings = {
				ASSETCATALOG_COMPILER_APPICON_NAME = AppIcon;
				ASSETCATALOG_COMPILER_GLOBAL_ACCENT_COLOR_NAME = AccentColor;
				CODE_SIGN_ENTITLEMENTS = AOC2021/AOC2021.entitlements;
				CODE_SIGN_STYLE = Automatic;
				COMBINE_HIDPI_IMAGES = YES;
				CURRENT_PROJECT_VERSION = 1;
				DEVELOPMENT_ASSET_PATHS = "\"AOC2021/Preview Content\"";
				DEVELOPMENT_TEAM = V8FR7B8F2U;
				ENABLE_HARDENED_RUNTIME = YES;
				ENABLE_PREVIEWS = YES;
				GENERATE_INFOPLIST_FILE = YES;
				INFOPLIST_KEY_NSHumanReadableCopyright = "";
				LD_RUNPATH_SEARCH_PATHS = (
					"$(inherited)",
					"@executable_path/../Frameworks",
				);
				MARKETING_VERSION = 1.0;
				PRODUCT_BUNDLE_IDENTIFIER = ca.burea.AOC2021;
				PRODUCT_NAME = "$(TARGET_NAME)";
				SWIFT_EMIT_LOC_STRINGS = YES;
				SWIFT_VERSION = 5.0;
			};
			name = Debug;
		};
		7528F321275835DA00B32CD0 /* Release */ = {
			isa = XCBuildConfiguration;
			buildSettings = {
				ASSETCATALOG_COMPILER_APPICON_NAME = AppIcon;
				ASSETCATALOG_COMPILER_GLOBAL_ACCENT_COLOR_NAME = AccentColor;
				CODE_SIGN_ENTITLEMENTS = AOC2021/AOC2021.entitlements;
				CODE_SIGN_STYLE = Automatic;
				COMBINE_HIDPI_IMAGES = YES;
				CURRENT_PROJECT_VERSION = 1;
				DEVELOPMENT_ASSET_PATHS = "\"AOC2021/Preview Content\"";
				DEVELOPMENT_TEAM = V8FR7B8F2U;
				ENABLE_HARDENED_RUNTIME = YES;
				ENABLE_PREVIEWS = YES;
				GENERATE_INFOPLIST_FILE = YES;
				INFOPLIST_KEY_NSHumanReadableCopyright = "";
				LD_RUNPATH_SEARCH_PATHS = (
					"$(inherited)",
					"@executable_path/../Frameworks",
				);
				MARKETING_VERSION = 1.0;
				PRODUCT_BUNDLE_IDENTIFIER = ca.burea.AOC2021;
				PRODUCT_NAME = "$(TARGET_NAME)";
				SWIFT_EMIT_LOC_STRINGS = YES;
				SWIFT_VERSION = 5.0;
			};
			name = Release;
		};
/* End XCBuildConfiguration section */

/* Begin XCConfigurationList section */
		7528F30B275835DA00B32CD0 /* Build configuration list for PBXProject "AOC2021" */ = {
			isa = XCConfigurationList;
			buildConfigurations = (
				7528F31D275835DA00B32CD0 /* Debug */,
				7528F31E275835DA00B32CD0 /* Release */,
			);
			defaultConfigurationIsVisible = 0;
			defaultConfigurationName = Release;
		};
		7528F31F275835DA00B32CD0 /* Build configuration list for PBXNativeTarget "AOC2021" */ = {
			isa = XCConfigurationList;
			buildConfigurations = (
				7528F320275835DA00B32CD0 /* Debug */,
				7528F321275835DA00B32CD0 /* Release */,
			);
			defaultConfigurationIsVisible = 0;
			defaultConfigurationName = Release;
		};
/* End XCConfigurationList section */

/* Begin XCRemoteSwiftPackageReference section */
		7528F32A275ACAC700B32CD0 /* XCRemoteSwiftPackageReference "swift-algorithms" */ = {
			isa = XCRemoteSwiftPackageReference;
			repositoryURL = "https://github.com/apple/swift-algorithms.git";
			requirement = {
				kind = upToNextMajorVersion;
				minimumVersion = 1.0.0;
			};
		};
/* End XCRemoteSwiftPackageReference section */

/* Begin XCSwiftPackageProductDependency section */
		7528F32B275ACAC700B32CD0 /* Algorithms */ = {
			isa = XCSwiftPackageProductDependency;
			package = 7528F32A275ACAC700B32CD0 /* XCRemoteSwiftPackageReference "swift-algorithms" */;
			productName = Algorithms;
		};
/* End XCSwiftPackageProductDependency section */
	};
	rootObject = 7528F308275835DA00B32CD0 /* Project object */;
}
